
Microsoft Visual Studio Solution File, Format Version 12.00
# Visual Studio Version 17
VisualStudioVersion = 17.7.34221.43
MinimumVisualStudioVersion = 10.0.40219.1
Project("{FAE04EC0-301F-11D3-BF4B-00C04F79EFBC}") = "Bootstrap", "Bootstrap\Bootstrap.csproj", "{82CEB7CE-7D43-48CC-AA4F-DCDA1A651D8B}"
EndProject
Global
	GlobalSection(SolutionConfigurationPlatforms) = preSolution
		Debug|Any CPU = Debug|Any CPU
		Release|Any CPU = Release|Any CPU
	EndGlobalSection
	GlobalSection(ProjectConfigurationPlatforms) = postSolution
		{82CEB7CE-7D43-48CC-AA4F-DCDA1A651D8B}.Debug|Any CPU.ActiveCfg = Debug|Any CPU
		{82CEB7CE-7D43-48CC-AA4F-DCDA1A651D8B}.Debug|Any CPU.Build.0 = Debug|Any CPU
		{82CEB7CE-7D43-48CC-AA4F-DCDA1A651D8B}.Release|Any CPU.ActiveCfg = Release|Any CPU
		{82CEB7CE-7D43-48CC-AA4F-DCDA1A651D8B}.Release|Any CPU.Build.0 = Release|Any CPU
	EndGlobalSection
	GlobalSection(SolutionProperties) = preSolution
		HideSolutionNode = FALSE
	EndGlobalSection
	GlobalSection(ExtensibilityGlobals) = postSolution
		SolutionGuid = {FBC8E405-6969-40B2-A927-89CEE71C2966}
	EndGlobalSection
EndGlobal
